{
    "name": "automatic-comment",
    "lockfileVersion": 3,
    "requires": true,
    "packages": {
        "": {
            "name": "automatic-comment",
            "dependencies": {
                "dayjs-utils": "file:../common/dayjs-utils",
                "openai": "^5.20.0"
            }
        },
        "../common/dayjs-utils": {
            "version": "1.0.0",
            "license": "ISC",
            "dependencies": {
                "dayjs": "^1.11.13"
            }
        },
        "node_modules/dayjs-utils": {
            "resolved": "../common/dayjs-utils",
            "link": true
        },
        "node_modules/openai": {
            "version": "5.20.0",
            "license": "Apache-2.0",
            "bin": {
                "openai": "bin/cli"
            },
            "peerDependencies": {
                "ws": "^8.18.0",
                "zod": "^3.23.8"
            },
            "peerDependenciesMeta": {
                "ws": {
                    "optional": true
                },
                "zod": {
                    "optional": true
                }
            }
        }
    }
}
